
Microsoft Visual Studio Solution File, Format Version 12.00
# Visual Studio Version 17
VisualStudioVersion = 17.9.34723.18
MinimumVisualStudioVersion = 10.0.40219.1
Project("{FAE04EC0-301F-11D3-BF4B-00C04F79EFBC}") = "gestionAlmacen", "gestionAlmacen\gestionAlmacen.csproj", "{EEF3BAE3-82F5-4E2E-84B3-0849EB33D94C}"
EndProject
Global
	GlobalSection(SolutionConfigurationPlatforms) = preSolution
		Debug|Any CPU = Debug|Any CPU
		Release|Any CPU = Release|Any CPU
	EndGlobalSection
	GlobalSection(ProjectConfigurationPlatforms) = postSolution
		{EEF3BAE3-82F5-4E2E-84B3-0849EB33D94C}.Debug|Any CPU.ActiveCfg = Debug|Any CPU
		{EEF3BAE3-82F5-4E2E-84B3-0849EB33D94C}.Debug|Any CPU.Build.0 = Debug|Any CPU
		{EEF3BAE3-82F5-4E2E-84B3-0849EB33D94C}.Release|Any CPU.ActiveCfg = Release|Any CPU
		{EEF3BAE3-82F5-4E2E-84B3-0849EB33D94C}.Release|Any CPU.Build.0 = Release|Any CPU
	EndGlobalSection
	GlobalSection(SolutionProperties) = preSolution
		HideSolutionNode = FALSE
	EndGlobalSection
	GlobalSection(ExtensibilityGlobals) = postSolution
		SolutionGuid = {66E81195-0A51-4CBB-B6A4-D9061836CE5C}
	EndGlobalSection
EndGlobal
